
Microsoft Visual Studio Solution File, Format Version 12.00
# Visual Studio Version 17
VisualStudioVersion = 17.2.32616.157
MinimumVisualStudioVersion = 10.0.40219.1
Project("{9A19103F-16F7-4668-BE54-9A1E7A4F7556}") = "TodoApplication", "src\TodoApplication.csproj", "{6E9099A0-5B4C-494E-9F7B-3DDBFCED557D}"
EndProject
Project("{2150E333-8FDC-42A3-9474-1A3956D46DE8}") = "src", "src", "{7E65C8B4-6AA0-44CC-B50D-561C5EC26DC5}"
EndProject
Project("{2150E333-8FDC-42A3-9474-1A3956D46DE8}") = "documentation", "documentation", "{B8ACBC28-A2A6-460F-9E34-7DF35A71F3F3}"
	ProjectSection(SolutionItems) = preProject
		documentation\TodoApiApp.md = documentation\TodoApiApp.md
		documentation\UnitTests.md = documentation\UnitTests.md
	EndProjectSection
EndProject
Project("{2150E333-8FDC-42A3-9474-1A3956D46DE8}") = "Tests", "Tests", "{A9CF9282-055A-4E1D-9CDA-C1EB69164454}"
EndProject
Project("{9A19103F-16F7-4668-BE54-9A1E7A4F7556}") = "APITests", "Tests\APITests.csproj", "{18CE05DA-6251-48B8-894B-42314AF9FF52}"
EndProject
Global
	GlobalSection(SolutionConfigurationPlatforms) = preSolution
		Debug|Any CPU = Debug|Any CPU
		Release|Any CPU = Release|Any CPU
	EndGlobalSection
	GlobalSection(ProjectConfigurationPlatforms) = postSolution
		{6E9099A0-5B4C-494E-9F7B-3DDBFCED557D}.Debug|Any CPU.ActiveCfg = Debug|Any CPU
		{6E9099A0-5B4C-494E-9F7B-3DDBFCED557D}.Debug|Any CPU.Build.0 = Debug|Any CPU
		{6E9099A0-5B4C-494E-9F7B-3DDBFCED557D}.Release|Any CPU.ActiveCfg = Release|Any CPU
		{6E9099A0-5B4C-494E-9F7B-3DDBFCED557D}.Release|Any CPU.Build.0 = Release|Any CPU
		{18CE05DA-6251-48B8-894B-42314AF9FF52}.Debug|Any CPU.ActiveCfg = Debug|Any CPU
		{18CE05DA-6251-48B8-894B-42314AF9FF52}.Debug|Any CPU.Build.0 = Debug|Any CPU
		{18CE05DA-6251-48B8-894B-42314AF9FF52}.Release|Any CPU.ActiveCfg = Release|Any CPU
		{18CE05DA-6251-48B8-894B-42314AF9FF52}.Release|Any CPU.Build.0 = Release|Any CPU
	EndGlobalSection
	GlobalSection(SolutionProperties) = preSolution
		HideSolutionNode = FALSE
	EndGlobalSection
	GlobalSection(NestedProjects) = preSolution
		{6E9099A0-5B4C-494E-9F7B-3DDBFCED557D} = {7E65C8B4-6AA0-44CC-B50D-561C5EC26DC5}
		{18CE05DA-6251-48B8-894B-42314AF9FF52} = {A9CF9282-055A-4E1D-9CDA-C1EB69164454}
	EndGlobalSection
	GlobalSection(ExtensibilityGlobals) = postSolution
		SolutionGuid = {0A38E747-E92B-4FD7-AA96-BD4E765CE3F4}
	EndGlobalSection
EndGlobal
