
Microsoft Visual Studio Solution File, Format Version 12.00
Project("{FAE04EC0-301F-11D3-BF4B-00C04F79EFBC}") = "Delegates", "Delegates.csproj", "{2758A1FB-4C69-4999-AB54-7C5735D60E06}"
EndProject
Global
	GlobalSection(SolutionConfigurationPlatforms) = preSolution
		Debug|Any CPU = Debug|Any CPU
		Release|Any CPU = Release|Any CPU
	EndGlobalSection
	GlobalSection(ProjectConfigurationPlatforms) = postSolution
		{2758A1FB-4C69-4999-AB54-7C5735D60E06}.Debug|Any CPU.ActiveCfg = Debug|Any CPU
		{2758A1FB-4C69-4999-AB54-7C5735D60E06}.Debug|Any CPU.Build.0 = Debug|Any CPU
		{2758A1FB-4C69-4999-AB54-7C5735D60E06}.Release|Any CPU.ActiveCfg = Release|Any CPU
		{2758A1FB-4C69-4999-AB54-7C5735D60E06}.Release|Any CPU.Build.0 = Release|Any CPU
	EndGlobalSection
EndGlobal
